
Microsoft Visual Studio Solution File, Format Version 12.00
# Visual Studio Version 17
VisualStudioVersion = 17.9.34728.123
MinimumVisualStudioVersion = 10.0.40219.1
Project("{FAE04EC0-301F-11D3-BF4B-00C04F79EFBC}") = "BoardItalicProj.Server", "BoardItalicProj.Server\BoardItalicProj.Server.csproj", "{6A1EB847-3129-46E8-A4BD-91A92A34E7E5}"
EndProject
Project("{54A90642-561A-4BB1-A94E-469ADEE60C69}") = "boarditalicproj.client", "boarditalicproj.client\boarditalicproj.client.esproj", "{6A9D31A4-F4BB-40A9-88B6-49533BB325CF}"
EndProject
Project("{FAE04EC0-301F-11D3-BF4B-00C04F79EFBC}") = "boardingdata", "boardingdata\boardingdata.csproj", "{CC4827BE-3114-4E2B-B8AB-D5E51BF798B6}"
EndProject
Global
	GlobalSection(SolutionConfigurationPlatforms) = preSolution
		Debug|Any CPU = Debug|Any CPU
		Release|Any CPU = Release|Any CPU
	EndGlobalSection
	GlobalSection(ProjectConfigurationPlatforms) = postSolution
		{6A1EB847-3129-46E8-A4BD-91A92A34E7E5}.Debug|Any CPU.ActiveCfg = Debug|Any CPU
		{6A1EB847-3129-46E8-A4BD-91A92A34E7E5}.Debug|Any CPU.Build.0 = Debug|Any CPU
		{6A1EB847-3129-46E8-A4BD-91A92A34E7E5}.Release|Any CPU.ActiveCfg = Release|Any CPU
		{6A1EB847-3129-46E8-A4BD-91A92A34E7E5}.Release|Any CPU.Build.0 = Release|Any CPU
		{6A9D31A4-F4BB-40A9-88B6-49533BB325CF}.Debug|Any CPU.ActiveCfg = Debug|Any CPU
		{6A9D31A4-F4BB-40A9-88B6-49533BB325CF}.Debug|Any CPU.Build.0 = Debug|Any CPU
		{6A9D31A4-F4BB-40A9-88B6-49533BB325CF}.Debug|Any CPU.Deploy.0 = Debug|Any CPU
		{6A9D31A4-F4BB-40A9-88B6-49533BB325CF}.Release|Any CPU.ActiveCfg = Release|Any CPU
		{6A9D31A4-F4BB-40A9-88B6-49533BB325CF}.Release|Any CPU.Build.0 = Release|Any CPU
		{6A9D31A4-F4BB-40A9-88B6-49533BB325CF}.Release|Any CPU.Deploy.0 = Release|Any CPU
		{CC4827BE-3114-4E2B-B8AB-D5E51BF798B6}.Debug|Any CPU.ActiveCfg = Debug|Any CPU
		{CC4827BE-3114-4E2B-B8AB-D5E51BF798B6}.Debug|Any CPU.Build.0 = Debug|Any CPU
		{CC4827BE-3114-4E2B-B8AB-D5E51BF798B6}.Release|Any CPU.ActiveCfg = Release|Any CPU
		{CC4827BE-3114-4E2B-B8AB-D5E51BF798B6}.Release|Any CPU.Build.0 = Release|Any CPU
	EndGlobalSection
	GlobalSection(SolutionProperties) = preSolution
		HideSolutionNode = FALSE
	EndGlobalSection
	GlobalSection(ExtensibilityGlobals) = postSolution
		SolutionGuid = {89241B45-93D6-47B8-A846-0817FB7BE987}
	EndGlobalSection
EndGlobal
